
Microsoft Visual Studio Solution File, Format Version 12.00
# Visual Studio Version 17
VisualStudioVersion = 17.5.002.0
MinimumVisualStudioVersion = 10.0.40219.1
Project("{9A19103F-16F7-4668-BE54-9A1E7A4F7556}") = "DezSegundos", "DezSegundos.csproj", "{FFDB1222-8FB8-4874-B04A-8FC20C42FB06}"
EndProject
Global
	GlobalSection(SolutionConfigurationPlatforms) = preSolution
		Debug|Any CPU = Debug|Any CPU
		Release|Any CPU = Release|Any CPU
	EndGlobalSection
	GlobalSection(ProjectConfigurationPlatforms) = postSolution
		{FFDB1222-8FB8-4874-B04A-8FC20C42FB06}.Debug|Any CPU.ActiveCfg = Debug|Any CPU
		{FFDB1222-8FB8-4874-B04A-8FC20C42FB06}.Debug|Any CPU.Build.0 = Debug|Any CPU
		{FFDB1222-8FB8-4874-B04A-8FC20C42FB06}.Release|Any CPU.ActiveCfg = Release|Any CPU
		{FFDB1222-8FB8-4874-B04A-8FC20C42FB06}.Release|Any CPU.Build.0 = Release|Any CPU
	EndGlobalSection
	GlobalSection(SolutionProperties) = preSolution
		HideSolutionNode = FALSE
	EndGlobalSection
	GlobalSection(ExtensibilityGlobals) = postSolution
		SolutionGuid = {74AE40A5-CA3C-4681-9190-AC3DC24A2A97}
	EndGlobalSection
EndGlobal
